
Microsoft Visual Studio Solution File, Format Version 12.00
# Visual Studio Version 17
VisualStudioVersion = 17.2.32630.192
MinimumVisualStudioVersion = 10.0.40219.1
Project("{9A19103F-16F7-4668-BE54-9A1E7A4F7556}") = "UrHouse.Domain", "UrHouse.Domain\UrHouse.Domain.csproj", "{0C50B975-BCC9-4FF9-A552-944126A4C30B}"
EndProject
Project("{FAE04EC0-301F-11D3-BF4B-00C04F79EFBC}") = "UrHouse.Application", "UrHouse.Application\UrHouse.Application.csproj", "{A86F6442-8754-417E-9638-D8CE078E75E0}"
EndProject
Project("{FAE04EC0-301F-11D3-BF4B-00C04F79EFBC}") = "UrHouse.Infrastructure", "UrHouse.Infrastructure\UrHouse.Infrastructure.csproj", "{95024759-9108-42A5-A132-F7B7254A2AEF}"
EndProject
Project("{FAE04EC0-301F-11D3-BF4B-00C04F79EFBC}") = "UrHouse.Api", "UrHouse.Api\UrHouse.Api.csproj", "{82CB1206-3AA2-4FB2-BC2E-D6A9599E85F3}"
EndProject
Global
	GlobalSection(SolutionConfigurationPlatforms) = preSolution
		Debug|Any CPU = Debug|Any CPU
		Release|Any CPU = Release|Any CPU
	EndGlobalSection
	GlobalSection(ProjectConfigurationPlatforms) = postSolution
		{0C50B975-BCC9-4FF9-A552-944126A4C30B}.Debug|Any CPU.ActiveCfg = Debug|Any CPU
		{0C50B975-BCC9-4FF9-A552-944126A4C30B}.Debug|Any CPU.Build.0 = Debug|Any CPU
		{0C50B975-BCC9-4FF9-A552-944126A4C30B}.Release|Any CPU.ActiveCfg = Release|Any CPU
		{0C50B975-BCC9-4FF9-A552-944126A4C30B}.Release|Any CPU.Build.0 = Release|Any CPU
		{A86F6442-8754-417E-9638-D8CE078E75E0}.Debug|Any CPU.ActiveCfg = Debug|Any CPU
		{A86F6442-8754-417E-9638-D8CE078E75E0}.Debug|Any CPU.Build.0 = Debug|Any CPU
		{A86F6442-8754-417E-9638-D8CE078E75E0}.Release|Any CPU.ActiveCfg = Release|Any CPU
		{A86F6442-8754-417E-9638-D8CE078E75E0}.Release|Any CPU.Build.0 = Release|Any CPU
		{95024759-9108-42A5-A132-F7B7254A2AEF}.Debug|Any CPU.ActiveCfg = Debug|Any CPU
		{95024759-9108-42A5-A132-F7B7254A2AEF}.Debug|Any CPU.Build.0 = Debug|Any CPU
		{95024759-9108-42A5-A132-F7B7254A2AEF}.Release|Any CPU.ActiveCfg = Release|Any CPU
		{95024759-9108-42A5-A132-F7B7254A2AEF}.Release|Any CPU.Build.0 = Release|Any CPU
		{82CB1206-3AA2-4FB2-BC2E-D6A9599E85F3}.Debug|Any CPU.ActiveCfg = Debug|Any CPU
		{82CB1206-3AA2-4FB2-BC2E-D6A9599E85F3}.Debug|Any CPU.Build.0 = Debug|Any CPU
		{82CB1206-3AA2-4FB2-BC2E-D6A9599E85F3}.Release|Any CPU.ActiveCfg = Release|Any CPU
		{82CB1206-3AA2-4FB2-BC2E-D6A9599E85F3}.Release|Any CPU.Build.0 = Release|Any CPU
	EndGlobalSection
	GlobalSection(SolutionProperties) = preSolution
		HideSolutionNode = FALSE
	EndGlobalSection
	GlobalSection(ExtensibilityGlobals) = postSolution
		SolutionGuid = {7E78078D-6939-4CE3-B2C5-F96552E4BF49}
	EndGlobalSection
EndGlobal
